
Microsoft Visual Studio Solution File, Format Version 12.00
# Visual Studio 15
VisualStudioVersion = 15.0.27703.2047
MinimumVisualStudioVersion = 10.0.40219.1
Project("{FAE04EC0-301F-11D3-BF4B-00C04F79EFBC}") = "AutomaticMail", "AutomaticMail\AutomaticMail.csproj", "{9DDEC6FB-C14A-471C-9F7B-2B05B95F3CB6}"
EndProject
Global
	GlobalSection(SolutionConfigurationPlatforms) = preSolution
		Debug|Any CPU = Debug|Any CPU
		Release|Any CPU = Release|Any CPU
	EndGlobalSection
	GlobalSection(ProjectConfigurationPlatforms) = postSolution
		{9DDEC6FB-C14A-471C-9F7B-2B05B95F3CB6}.Debug|Any CPU.ActiveCfg = Debug|Any CPU
		{9DDEC6FB-C14A-471C-9F7B-2B05B95F3CB6}.Debug|Any CPU.Build.0 = Debug|Any CPU
		{9DDEC6FB-C14A-471C-9F7B-2B05B95F3CB6}.Release|Any CPU.ActiveCfg = Release|Any CPU
		{9DDEC6FB-C14A-471C-9F7B-2B05B95F3CB6}.Release|Any CPU.Build.0 = Release|Any CPU
	EndGlobalSection
	GlobalSection(SolutionProperties) = preSolution
		HideSolutionNode = FALSE
	EndGlobalSection
	GlobalSection(ExtensibilityGlobals) = postSolution
		SolutionGuid = {A11E397F-8069-407B-9A95-CCCA5A7F0E24}
	EndGlobalSection
EndGlobal
